
Microsoft Visual Studio Solution File, Format Version 12.00
# Visual Studio Version 17
VisualStudioVersion = 17.0.32112.339
MinimumVisualStudioVersion = 10.0.40219.1
Project("{9A19103F-16F7-4668-BE54-9A1E7A4F7556}") = "DBService", "DBService\DBService.csproj", "{FF46E946-621C-4F76-8513-ADDCFA5C4FAE}"
EndProject
Project("{9A19103F-16F7-4668-BE54-9A1E7A4F7556}") = "ApplicationServices", "ApplicationServices\ApplicationServices.csproj", "{0B379802-51C3-45C8-8B28-173D8B7572D4}"
EndProject
Project("{9A19103F-16F7-4668-BE54-9A1E7A4F7556}") = "Dtos", "Dtos\Dtos.csproj", "{AA0AB194-60A8-4569-B931-62252DC3BF7A}"
EndProject
Project("{9A19103F-16F7-4668-BE54-9A1E7A4F7556}") = "WebApp", "WebApp\WebApp.csproj", "{6384BD6F-A3E4-401D-88FC-0465C7A5B5A5}"
EndProject
Project("{FAE04EC0-301F-11D3-BF4B-00C04F79EFBC}") = "WebSite", "WebSite\WebSite.csproj", "{5F347E27-52AE-48B1-AA9A-D921C669AC01}"
EndProject
Global
	GlobalSection(SolutionConfigurationPlatforms) = preSolution
		Debug|Any CPU = Debug|Any CPU
		Release|Any CPU = Release|Any CPU
	EndGlobalSection
	GlobalSection(ProjectConfigurationPlatforms) = postSolution
		{FF46E946-621C-4F76-8513-ADDCFA5C4FAE}.Debug|Any CPU.ActiveCfg = Debug|Any CPU
		{FF46E946-621C-4F76-8513-ADDCFA5C4FAE}.Debug|Any CPU.Build.0 = Debug|Any CPU
		{FF46E946-621C-4F76-8513-ADDCFA5C4FAE}.Release|Any CPU.ActiveCfg = Release|Any CPU
		{FF46E946-621C-4F76-8513-ADDCFA5C4FAE}.Release|Any CPU.Build.0 = Release|Any CPU
		{0B379802-51C3-45C8-8B28-173D8B7572D4}.Debug|Any CPU.ActiveCfg = Debug|Any CPU
		{0B379802-51C3-45C8-8B28-173D8B7572D4}.Debug|Any CPU.Build.0 = Debug|Any CPU
		{0B379802-51C3-45C8-8B28-173D8B7572D4}.Release|Any CPU.ActiveCfg = Release|Any CPU
		{0B379802-51C3-45C8-8B28-173D8B7572D4}.Release|Any CPU.Build.0 = Release|Any CPU
		{AA0AB194-60A8-4569-B931-62252DC3BF7A}.Debug|Any CPU.ActiveCfg = Debug|Any CPU
		{AA0AB194-60A8-4569-B931-62252DC3BF7A}.Debug|Any CPU.Build.0 = Debug|Any CPU
		{AA0AB194-60A8-4569-B931-62252DC3BF7A}.Release|Any CPU.ActiveCfg = Release|Any CPU
		{AA0AB194-60A8-4569-B931-62252DC3BF7A}.Release|Any CPU.Build.0 = Release|Any CPU
		{6384BD6F-A3E4-401D-88FC-0465C7A5B5A5}.Debug|Any CPU.ActiveCfg = Debug|Any CPU
		{6384BD6F-A3E4-401D-88FC-0465C7A5B5A5}.Debug|Any CPU.Build.0 = Debug|Any CPU
		{6384BD6F-A3E4-401D-88FC-0465C7A5B5A5}.Release|Any CPU.ActiveCfg = Release|Any CPU
		{6384BD6F-A3E4-401D-88FC-0465C7A5B5A5}.Release|Any CPU.Build.0 = Release|Any CPU
		{5F347E27-52AE-48B1-AA9A-D921C669AC01}.Debug|Any CPU.ActiveCfg = Debug|Any CPU
		{5F347E27-52AE-48B1-AA9A-D921C669AC01}.Debug|Any CPU.Build.0 = Debug|Any CPU
		{5F347E27-52AE-48B1-AA9A-D921C669AC01}.Release|Any CPU.ActiveCfg = Release|Any CPU
		{5F347E27-52AE-48B1-AA9A-D921C669AC01}.Release|Any CPU.Build.0 = Release|Any CPU
	EndGlobalSection
	GlobalSection(SolutionProperties) = preSolution
		HideSolutionNode = FALSE
	EndGlobalSection
	GlobalSection(ExtensibilityGlobals) = postSolution
		SolutionGuid = {FC7563E1-F0E2-4C14-9D02-95941FD19890}
	EndGlobalSection
EndGlobal
